
Microsoft Visual Studio Solution File, Format Version 12.00
# Visual Studio Version 17
VisualStudioVersion = 17.8.34330.188
MinimumVisualStudioVersion = 10.0.40219.1
Project("{2150E333-8FDC-42A3-9474-1A3956D46DE8}") = "FrontEnd", "FrontEnd", "{D0F82419-58D1-4036-B5D3-2D007C1ABDFF}"
EndProject
Project("{2150E333-8FDC-42A3-9474-1A3956D46DE8}") = "Gateway", "Gateway", "{FF653577-4374-4B05-8C79-BBB079A3CEC8}"
EndProject
Project("{2150E333-8FDC-42A3-9474-1A3956D46DE8}") = "Integration", "Integration", "{60D83905-E817-4248-BAB1-ACD5363B963C}"
EndProject
Project("{2150E333-8FDC-42A3-9474-1A3956D46DE8}") = "Services", "Services", "{417A44BB-846B-46A0-9413-47037CBE180E}"
EndProject
Project("{9A19103F-16F7-4668-BE54-9A1E7A4F7556}") = "Mango.Services.CouponAPI", "Mango.Services.CouponAPI\Mango.Services.CouponAPI.csproj", "{F0CD9937-E2B4-409B-BF30-23B67A9956D2}"
EndProject
Project("{9A19103F-16F7-4668-BE54-9A1E7A4F7556}") = "Mango.Web", "Mango.Web\Mango.Web.csproj", "{21A4BD1F-C929-4489-BC9E-625D1F3FF287}"
EndProject
Project("{9A19103F-16F7-4668-BE54-9A1E7A4F7556}") = "Mango.Services.AuthAPI", "Mango.Services.AuthAPI\Mango.Services.AuthAPI.csproj", "{42869373-E4BC-4262-A84C-166EEA98EECF}"
EndProject
Project("{9A19103F-16F7-4668-BE54-9A1E7A4F7556}") = "Mango.Services.ProductAPI", "Mango.Services.ProductAPI\Mango.Services.ProductAPI.csproj", "{FFC76EE1-A663-4D5E-871D-81DB0DBE2A68}"
EndProject
Project("{9A19103F-16F7-4668-BE54-9A1E7A4F7556}") = "Mango.Services.ShoppingCartAPI", "Mango.Services.ShoppingCartAPI\Mango.Services.ShoppingCartAPI.csproj", "{50EEB078-CA9C-44DB-8369-443219B2690F}"
EndProject
Project("{9A19103F-16F7-4668-BE54-9A1E7A4F7556}") = "Mango.MessageBus", "Mango.MessageBus\Mango.MessageBus.csproj", "{F82F9C3B-A924-4889-A7D6-095BCA30632A}"
EndProject
Project("{9A19103F-16F7-4668-BE54-9A1E7A4F7556}") = "Mango.Services.EmailAPI", "Mango.Services.EmailAPI\Mango.Services.EmailAPI.csproj", "{F55A96D4-AC7A-443F-A9C4-8D0B0A99546A}"
EndProject
Project("{9A19103F-16F7-4668-BE54-9A1E7A4F7556}") = "Mango.Services.OrderAPI", "Mango.Services.OrderAPI\Mango.Services.OrderAPI.csproj", "{2E9C9BEB-42CF-46ED-8EF3-5617215EDF1B}"
EndProject
Project("{9A19103F-16F7-4668-BE54-9A1E7A4F7556}") = "Mango.Services.RewardAPI", "Mango.Services.RewardAPI\Mango.Services.RewardAPI.csproj", "{1201F80A-FBED-433A-8FFD-4938FB79B9D4}"
EndProject
Project("{FAE04EC0-301F-11D3-BF4B-00C04F79EFBC}") = "Mango.GatewaySolution", "Mango.GatewaySolution\Mango.GatewaySolution.csproj", "{EC898FDE-6B43-4887-A9BD-401F80ED6C9A}"
EndProject
Global
	GlobalSection(SolutionConfigurationPlatforms) = preSolution
		Debug|Any CPU = Debug|Any CPU
		Release|Any CPU = Release|Any CPU
	EndGlobalSection
	GlobalSection(ProjectConfigurationPlatforms) = postSolution
		{F0CD9937-E2B4-409B-BF30-23B67A9956D2}.Debug|Any CPU.ActiveCfg = Debug|Any CPU
		{F0CD9937-E2B4-409B-BF30-23B67A9956D2}.Debug|Any CPU.Build.0 = Debug|Any CPU
		{F0CD9937-E2B4-409B-BF30-23B67A9956D2}.Release|Any CPU.ActiveCfg = Release|Any CPU
		{F0CD9937-E2B4-409B-BF30-23B67A9956D2}.Release|Any CPU.Build.0 = Release|Any CPU
		{21A4BD1F-C929-4489-BC9E-625D1F3FF287}.Debug|Any CPU.ActiveCfg = Debug|Any CPU
		{21A4BD1F-C929-4489-BC9E-625D1F3FF287}.Debug|Any CPU.Build.0 = Debug|Any CPU
		{21A4BD1F-C929-4489-BC9E-625D1F3FF287}.Release|Any CPU.ActiveCfg = Release|Any CPU
		{21A4BD1F-C929-4489-BC9E-625D1F3FF287}.Release|Any CPU.Build.0 = Release|Any CPU
		{42869373-E4BC-4262-A84C-166EEA98EECF}.Debug|Any CPU.ActiveCfg = Debug|Any CPU
		{42869373-E4BC-4262-A84C-166EEA98EECF}.Debug|Any CPU.Build.0 = Debug|Any CPU
		{42869373-E4BC-4262-A84C-166EEA98EECF}.Release|Any CPU.ActiveCfg = Release|Any CPU
		{42869373-E4BC-4262-A84C-166EEA98EECF}.Release|Any CPU.Build.0 = Release|Any CPU
		{FFC76EE1-A663-4D5E-871D-81DB0DBE2A68}.Debug|Any CPU.ActiveCfg = Debug|Any CPU
		{FFC76EE1-A663-4D5E-871D-81DB0DBE2A68}.Debug|Any CPU.Build.0 = Debug|Any CPU
		{FFC76EE1-A663-4D5E-871D-81DB0DBE2A68}.Release|Any CPU.ActiveCfg = Release|Any CPU
		{FFC76EE1-A663-4D5E-871D-81DB0DBE2A68}.Release|Any CPU.Build.0 = Release|Any CPU
		{50EEB078-CA9C-44DB-8369-443219B2690F}.Debug|Any CPU.ActiveCfg = Debug|Any CPU
		{50EEB078-CA9C-44DB-8369-443219B2690F}.Debug|Any CPU.Build.0 = Debug|Any CPU
		{50EEB078-CA9C-44DB-8369-443219B2690F}.Release|Any CPU.ActiveCfg = Release|Any CPU
		{50EEB078-CA9C-44DB-8369-443219B2690F}.Release|Any CPU.Build.0 = Release|Any CPU
		{F82F9C3B-A924-4889-A7D6-095BCA30632A}.Debug|Any CPU.ActiveCfg = Debug|Any CPU
		{F82F9C3B-A924-4889-A7D6-095BCA30632A}.Debug|Any CPU.Build.0 = Debug|Any CPU
		{F82F9C3B-A924-4889-A7D6-095BCA30632A}.Release|Any CPU.ActiveCfg = Release|Any CPU
		{F82F9C3B-A924-4889-A7D6-095BCA30632A}.Release|Any CPU.Build.0 = Release|Any CPU
		{F55A96D4-AC7A-443F-A9C4-8D0B0A99546A}.Debug|Any CPU.ActiveCfg = Debug|Any CPU
		{F55A96D4-AC7A-443F-A9C4-8D0B0A99546A}.Debug|Any CPU.Build.0 = Debug|Any CPU
		{F55A96D4-AC7A-443F-A9C4-8D0B0A99546A}.Release|Any CPU.ActiveCfg = Release|Any CPU
		{F55A96D4-AC7A-443F-A9C4-8D0B0A99546A}.Release|Any CPU.Build.0 = Release|Any CPU
		{2E9C9BEB-42CF-46ED-8EF3-5617215EDF1B}.Debug|Any CPU.ActiveCfg = Debug|Any CPU
		{2E9C9BEB-42CF-46ED-8EF3-5617215EDF1B}.Debug|Any CPU.Build.0 = Debug|Any CPU
		{2E9C9BEB-42CF-46ED-8EF3-5617215EDF1B}.Release|Any CPU.ActiveCfg = Release|Any CPU
		{2E9C9BEB-42CF-46ED-8EF3-5617215EDF1B}.Release|Any CPU.Build.0 = Release|Any CPU
		{1201F80A-FBED-433A-8FFD-4938FB79B9D4}.Debug|Any CPU.ActiveCfg = Debug|Any CPU
		{1201F80A-FBED-433A-8FFD-4938FB79B9D4}.Debug|Any CPU.Build.0 = Debug|Any CPU
		{1201F80A-FBED-433A-8FFD-4938FB79B9D4}.Release|Any CPU.ActiveCfg = Release|Any CPU
		{1201F80A-FBED-433A-8FFD-4938FB79B9D4}.Release|Any CPU.Build.0 = Release|Any CPU
		{EC898FDE-6B43-4887-A9BD-401F80ED6C9A}.Debug|Any CPU.ActiveCfg = Debug|Any CPU
		{EC898FDE-6B43-4887-A9BD-401F80ED6C9A}.Debug|Any CPU.Build.0 = Debug|Any CPU
		{EC898FDE-6B43-4887-A9BD-401F80ED6C9A}.Release|Any CPU.ActiveCfg = Release|Any CPU
		{EC898FDE-6B43-4887-A9BD-401F80ED6C9A}.Release|Any CPU.Build.0 = Release|Any CPU
	EndGlobalSection
	GlobalSection(SolutionProperties) = preSolution
		HideSolutionNode = FALSE
	EndGlobalSection
	GlobalSection(NestedProjects) = preSolution
		{F0CD9937-E2B4-409B-BF30-23B67A9956D2} = {417A44BB-846B-46A0-9413-47037CBE180E}
		{21A4BD1F-C929-4489-BC9E-625D1F3FF287} = {D0F82419-58D1-4036-B5D3-2D007C1ABDFF}
		{42869373-E4BC-4262-A84C-166EEA98EECF} = {417A44BB-846B-46A0-9413-47037CBE180E}
		{FFC76EE1-A663-4D5E-871D-81DB0DBE2A68} = {417A44BB-846B-46A0-9413-47037CBE180E}
		{50EEB078-CA9C-44DB-8369-443219B2690F} = {417A44BB-846B-46A0-9413-47037CBE180E}
		{F82F9C3B-A924-4889-A7D6-095BCA30632A} = {60D83905-E817-4248-BAB1-ACD5363B963C}
		{F55A96D4-AC7A-443F-A9C4-8D0B0A99546A} = {417A44BB-846B-46A0-9413-47037CBE180E}
		{2E9C9BEB-42CF-46ED-8EF3-5617215EDF1B} = {417A44BB-846B-46A0-9413-47037CBE180E}
		{1201F80A-FBED-433A-8FFD-4938FB79B9D4} = {417A44BB-846B-46A0-9413-47037CBE180E}
		{EC898FDE-6B43-4887-A9BD-401F80ED6C9A} = {FF653577-4374-4B05-8C79-BBB079A3CEC8}
	EndGlobalSection
	GlobalSection(ExtensibilityGlobals) = postSolution
		SolutionGuid = {88BFD446-7BD4-43B1-A5CF-CEB233565889}
	EndGlobalSection
EndGlobal
